
Microsoft Visual Studio Solution File, Format Version 12.00
# Visual Studio 2013
VisualStudioVersion = 12.0.31101.0
MinimumVisualStudioVersion = 10.0.40219.1
Project("{FAE04EC0-301F-11D3-BF4B-00C04F79EFBC}") = "Gander", "Gander\Gander.csproj", "{E393C294-B289-465D-A2DA-39583C36B07D}"
EndProject
Project("{FAE04EC0-301F-11D3-BF4B-00C04F79EFBC}") = "Gander.Core", "Gander.Core\Gander.Core.csproj", "{C3C80DFC-0EAF-4F29-96FA-4E4BA7EF76A9}"
EndProject
Project("{FAE04EC0-301F-11D3-BF4B-00C04F79EFBC}") = "Gander.Console", "Gander.Console\Gander.Console.csproj", "{CCC52DC8-C638-4169-A16B-66FD8D5BAAEF}"
EndProject
Project("{2150E333-8FDC-42A3-9474-1A3956D46DE8}") = "Utils", "Utils", "{76D3AAB1-3255-4B31-B9C2-E109A65DF658}"
EndProject
Project("{FAE04EC0-301F-11D3-BF4B-00C04F79EFBC}") = "Gander.Utils.DummyEmailGenerator", "Gander.Utils.DummyEmailGenerator\Gander.Utils.DummyEmailGenerator.csproj", "{AD45F277-C83C-4D4F-A3ED-31BDF5D9282A}"
EndProject
Global
	GlobalSection(SolutionConfigurationPlatforms) = preSolution
		Debug|Any CPU = Debug|Any CPU
		Release|Any CPU = Release|Any CPU
	EndGlobalSection
	GlobalSection(ProjectConfigurationPlatforms) = postSolution
		{E393C294-B289-465D-A2DA-39583C36B07D}.Debug|Any CPU.ActiveCfg = Debug|Any CPU
		{E393C294-B289-465D-A2DA-39583C36B07D}.Debug|Any CPU.Build.0 = Debug|Any CPU
		{E393C294-B289-465D-A2DA-39583C36B07D}.Release|Any CPU.ActiveCfg = Release|Any CPU
		{E393C294-B289-465D-A2DA-39583C36B07D}.Release|Any CPU.Build.0 = Release|Any CPU
		{C3C80DFC-0EAF-4F29-96FA-4E4BA7EF76A9}.Debug|Any CPU.ActiveCfg = Debug|Any CPU
		{C3C80DFC-0EAF-4F29-96FA-4E4BA7EF76A9}.Debug|Any CPU.Build.0 = Debug|Any CPU
		{C3C80DFC-0EAF-4F29-96FA-4E4BA7EF76A9}.Release|Any CPU.ActiveCfg = Release|Any CPU
		{C3C80DFC-0EAF-4F29-96FA-4E4BA7EF76A9}.Release|Any CPU.Build.0 = Release|Any CPU
		{CCC52DC8-C638-4169-A16B-66FD8D5BAAEF}.Debug|Any CPU.ActiveCfg = Debug|Any CPU
		{CCC52DC8-C638-4169-A16B-66FD8D5BAAEF}.Debug|Any CPU.Build.0 = Debug|Any CPU
		{CCC52DC8-C638-4169-A16B-66FD8D5BAAEF}.Release|Any CPU.ActiveCfg = Release|Any CPU
		{CCC52DC8-C638-4169-A16B-66FD8D5BAAEF}.Release|Any CPU.Build.0 = Release|Any CPU
		{AD45F277-C83C-4D4F-A3ED-31BDF5D9282A}.Debug|Any CPU.ActiveCfg = Debug|Any CPU
		{AD45F277-C83C-4D4F-A3ED-31BDF5D9282A}.Debug|Any CPU.Build.0 = Debug|Any CPU
		{AD45F277-C83C-4D4F-A3ED-31BDF5D9282A}.Release|Any CPU.ActiveCfg = Release|Any CPU
		{AD45F277-C83C-4D4F-A3ED-31BDF5D9282A}.Release|Any CPU.Build.0 = Release|Any CPU
	EndGlobalSection
	GlobalSection(SolutionProperties) = preSolution
		HideSolutionNode = FALSE
	EndGlobalSection
	GlobalSection(NestedProjects) = preSolution
		{CCC52DC8-C638-4169-A16B-66FD8D5BAAEF} = {76D3AAB1-3255-4B31-B9C2-E109A65DF658}
		{AD45F277-C83C-4D4F-A3ED-31BDF5D9282A} = {76D3AAB1-3255-4B31-B9C2-E109A65DF658}
	EndGlobalSection
EndGlobal
